
Microsoft Visual Studio Solution File, Format Version 12.00
# Visual Studio Version 17
VisualStudioVersion = 17.11.35222.181
MinimumVisualStudioVersion = 10.0.40219.1
Project("{9A19103F-16F7-4668-BE54-9A1E7A4F7556}") = "TriDeNombrePlusPlus", "TriDeNombrePlusPlus\TriDeNombrePlusPlus.csproj", "{0E719711-A395-4CF2-A7A0-8A416DCB2DBB}"
EndProject
Project("{9A19103F-16F7-4668-BE54-9A1E7A4F7556}") = "EsTuMajeur", "..\EsTuMajeur\EsTuMajeur.csproj", "{4DECBECD-A8D7-48EF-88B3-E322774EAED9}"
EndProject
Project("{9A19103F-16F7-4668-BE54-9A1E7A4F7556}") = "MaRetraite", "..\MaRetraite\MaRetraite.csproj", "{DD2753C2-7549-46D4-B68B-25281160B343}"
EndProject
Project("{9A19103F-16F7-4668-BE54-9A1E7A4F7556}") = "TriDeNombre", "..\TriDeNombre\TriDeNombre.csproj", "{AD9EB1FF-4459-43C8-8E08-3CB2E1CED024}"
EndProject
Project("{9A19103F-16F7-4668-BE54-9A1E7A4F7556}") = "MaBicyclette", "MaBicyclette\MaBicyclette.csproj", "{CE74F81D-873A-49A3-ACA0-3C00FE018688}"
EndProject
Project("{9A19103F-16F7-4668-BE54-9A1E7A4F7556}") = "ControlerLaSaisie", "ControlerLaSaisie\ControlerLaSaisie.csproj", "{14EE6AEC-E0A3-4375-B77E-B0D4A04CE870}"
EndProject
Project("{9A19103F-16F7-4668-BE54-9A1E7A4F7556}") = "ControlerLaSaisieAvecLimite", "ControlerLaSaisieAvecLimite\ControlerLaSaisieAvecLimite.csproj", "{685D5236-AC61-44CD-8EDF-7210EC3740AE}"
EndProject
Project("{9A19103F-16F7-4668-BE54-9A1E7A4F7556}") = "IntervalleEntre2Nombres", "IntervalleEntre2Nombres\IntervalleEntre2Nombres.csproj", "{63A11C47-C4C2-4465-BD44-DA5762237157}"
EndProject
Project("{9A19103F-16F7-4668-BE54-9A1E7A4F7556}") = "RechercheDesDiviseursD1Nombre", "RechercheDesDiviseursD1Nombre\RechercheDesDiviseursD1Nombre.csproj", "{F61D20F9-9CF2-422C-AD44-EE0A32208391}"
EndProject
Project("{9A19103F-16F7-4668-BE54-9A1E7A4F7556}") = "NombrePremier", "NombrePremier\NombrePremier.csproj", "{D65C98D9-9543-4FFC-B226-16A89F0202DE}"
EndProject
Project("{9A19103F-16F7-4668-BE54-9A1E7A4F7556}") = "JeuDeLaFourchette", "JeuDeLaFourchette\JeuDeLaFourchette.csproj", "{023D6ADF-1CAD-46D7-A556-503F0CF9A984}"
EndProject
Project("{9A19103F-16F7-4668-BE54-9A1E7A4F7556}") = "BarnabeFaitSesCourses", "BarnabeFaitSesCourses\BarnabeFaitSesCourses.csproj", "{B4676500-07FE-40AE-8A02-2478CB70D7CA}"
EndProject
Project("{9A19103F-16F7-4668-BE54-9A1E7A4F7556}") = "RechercherUnNombreDansUnTableau", "RechercherUnNombreDansUnTableau\RechercherUnNombreDansUnTableau.csproj", "{F3BFA355-54B1-493C-8BF0-14C6B535E8E2}"
EndProject
Project("{9A19103F-16F7-4668-BE54-9A1E7A4F7556}") = "RechercherLeNombreDOccurencesD1LettreDansUnePhrase", "RechercherLeNombreDOccurencesD1LettreDansUnePhrase\RechercherLeNombreDOccurencesD1LettreDansUnePhrase.csproj", "{B3ADAA61-F416-4AE4-A7ED-3748F58B9794}"
EndProject
Project("{9A19103F-16F7-4668-BE54-9A1E7A4F7556}") = "DenombrerLesLettresDeLAlphabetDansUnTableau", "DenombrerLesLettresDeLAlphabetDansUnTableau\DenombrerLesLettresDeLAlphabetDansUnTableau.csproj", "{7D63A9E5-EAC0-43C5-AD51-F68C3165085D}"
EndProject
Project("{9A19103F-16F7-4668-BE54-9A1E7A4F7556}") = "LLTools", "LLTools\LLTools.csproj", "{2E1869F2-1E18-401B-AF83-5EDD4A4DFF2E}"
EndProject
Project("{9A19103F-16F7-4668-BE54-9A1E7A4F7556}") = "TriD1Tableau", "TriD1Tableau\TriD1Tableau.csproj", "{0AFDC44A-E779-407B-9A38-D4A376B2504C}"
EndProject
Project("{9A19103F-16F7-4668-BE54-9A1E7A4F7556}") = "Palindrome", "Palindrome\Palindrome.csproj", "{A7BE4071-8AE3-4462-BB8E-79B3739A4592}"
EndProject
Project("{9A19103F-16F7-4668-BE54-9A1E7A4F7556}") = "Evaluation des connaissances en algorithme en C#", "Evaluation des connaissances en algorithme en C#\Evaluation des connaissances en algorithme en C#.csproj", "{CD19C45E-89A0-47CC-A884-6BD72ABB922B}"
EndProject
Project("{9A19103F-16F7-4668-BE54-9A1E7A4F7556}") = "Collections.Listes", "Collections.Listes\Collections.Listes.csproj", "{6E166114-33A9-449A-8CFD-800929BAD6B5}"
EndProject
Project("{9A19103F-16F7-4668-BE54-9A1E7A4F7556}") = "Tableau dynamique faiblement typé", "Tableau dynamique faiblement typé\Tableau dynamique faiblement typé.csproj", "{8B047272-3F56-4A24-B6BF-96E92F1FDE4B}"
EndProject
Project("{FAE04EC0-301F-11D3-BF4B-00C04F79EFBC}") = "lesFruitsEtLegumes", "lesFruitsEtLegumes\lesFruitsEtLegumes.csproj", "{C75BBB5A-6169-4D1D-8E26-70E3528D319E}"
EndProject
Project("{FAE04EC0-301F-11D3-BF4B-00C04F79EFBC}") = "jeuDu02", "jeuDu02\jeuDu02.csproj", "{14D785C6-051E-4810-954E-AD6D27D680EA}"
EndProject
Global
	GlobalSection(SolutionConfigurationPlatforms) = preSolution
		Debug|Any CPU = Debug|Any CPU
		Release|Any CPU = Release|Any CPU
	EndGlobalSection
	GlobalSection(ProjectConfigurationPlatforms) = postSolution
		{0E719711-A395-4CF2-A7A0-8A416DCB2DBB}.Debug|Any CPU.ActiveCfg = Debug|Any CPU
		{0E719711-A395-4CF2-A7A0-8A416DCB2DBB}.Debug|Any CPU.Build.0 = Debug|Any CPU
		{0E719711-A395-4CF2-A7A0-8A416DCB2DBB}.Release|Any CPU.ActiveCfg = Release|Any CPU
		{0E719711-A395-4CF2-A7A0-8A416DCB2DBB}.Release|Any CPU.Build.0 = Release|Any CPU
		{4DECBECD-A8D7-48EF-88B3-E322774EAED9}.Debug|Any CPU.ActiveCfg = Debug|Any CPU
		{4DECBECD-A8D7-48EF-88B3-E322774EAED9}.Debug|Any CPU.Build.0 = Debug|Any CPU
		{4DECBECD-A8D7-48EF-88B3-E322774EAED9}.Release|Any CPU.ActiveCfg = Release|Any CPU
		{4DECBECD-A8D7-48EF-88B3-E322774EAED9}.Release|Any CPU.Build.0 = Release|Any CPU
		{DD2753C2-7549-46D4-B68B-25281160B343}.Debug|Any CPU.ActiveCfg = Debug|Any CPU
		{DD2753C2-7549-46D4-B68B-25281160B343}.Debug|Any CPU.Build.0 = Debug|Any CPU
		{DD2753C2-7549-46D4-B68B-25281160B343}.Release|Any CPU.ActiveCfg = Release|Any CPU
		{DD2753C2-7549-46D4-B68B-25281160B343}.Release|Any CPU.Build.0 = Release|Any CPU
		{AD9EB1FF-4459-43C8-8E08-3CB2E1CED024}.Debug|Any CPU.ActiveCfg = Debug|Any CPU
		{AD9EB1FF-4459-43C8-8E08-3CB2E1CED024}.Debug|Any CPU.Build.0 = Debug|Any CPU
		{AD9EB1FF-4459-43C8-8E08-3CB2E1CED024}.Release|Any CPU.ActiveCfg = Release|Any CPU
		{AD9EB1FF-4459-43C8-8E08-3CB2E1CED024}.Release|Any CPU.Build.0 = Release|Any CPU
		{CE74F81D-873A-49A3-ACA0-3C00FE018688}.Debug|Any CPU.ActiveCfg = Debug|Any CPU
		{CE74F81D-873A-49A3-ACA0-3C00FE018688}.Debug|Any CPU.Build.0 = Debug|Any CPU
		{CE74F81D-873A-49A3-ACA0-3C00FE018688}.Release|Any CPU.ActiveCfg = Release|Any CPU
		{CE74F81D-873A-49A3-ACA0-3C00FE018688}.Release|Any CPU.Build.0 = Release|Any CPU
		{14EE6AEC-E0A3-4375-B77E-B0D4A04CE870}.Debug|Any CPU.ActiveCfg = Debug|Any CPU
		{14EE6AEC-E0A3-4375-B77E-B0D4A04CE870}.Debug|Any CPU.Build.0 = Debug|Any CPU
		{14EE6AEC-E0A3-4375-B77E-B0D4A04CE870}.Release|Any CPU.ActiveCfg = Release|Any CPU
		{14EE6AEC-E0A3-4375-B77E-B0D4A04CE870}.Release|Any CPU.Build.0 = Release|Any CPU
		{685D5236-AC61-44CD-8EDF-7210EC3740AE}.Debug|Any CPU.ActiveCfg = Debug|Any CPU
		{685D5236-AC61-44CD-8EDF-7210EC3740AE}.Debug|Any CPU.Build.0 = Debug|Any CPU
		{685D5236-AC61-44CD-8EDF-7210EC3740AE}.Release|Any CPU.ActiveCfg = Release|Any CPU
		{685D5236-AC61-44CD-8EDF-7210EC3740AE}.Release|Any CPU.Build.0 = Release|Any CPU
		{63A11C47-C4C2-4465-BD44-DA5762237157}.Debug|Any CPU.ActiveCfg = Debug|Any CPU
		{63A11C47-C4C2-4465-BD44-DA5762237157}.Debug|Any CPU.Build.0 = Debug|Any CPU
		{63A11C47-C4C2-4465-BD44-DA5762237157}.Release|Any CPU.ActiveCfg = Release|Any CPU
		{63A11C47-C4C2-4465-BD44-DA5762237157}.Release|Any CPU.Build.0 = Release|Any CPU
		{F61D20F9-9CF2-422C-AD44-EE0A32208391}.Debug|Any CPU.ActiveCfg = Debug|Any CPU
		{F61D20F9-9CF2-422C-AD44-EE0A32208391}.Debug|Any CPU.Build.0 = Debug|Any CPU
		{F61D20F9-9CF2-422C-AD44-EE0A32208391}.Release|Any CPU.ActiveCfg = Release|Any CPU
		{F61D20F9-9CF2-422C-AD44-EE0A32208391}.Release|Any CPU.Build.0 = Release|Any CPU
		{D65C98D9-9543-4FFC-B226-16A89F0202DE}.Debug|Any CPU.ActiveCfg = Debug|Any CPU
		{D65C98D9-9543-4FFC-B226-16A89F0202DE}.Debug|Any CPU.Build.0 = Debug|Any CPU
		{D65C98D9-9543-4FFC-B226-16A89F0202DE}.Release|Any CPU.ActiveCfg = Release|Any CPU
		{D65C98D9-9543-4FFC-B226-16A89F0202DE}.Release|Any CPU.Build.0 = Release|Any CPU
		{023D6ADF-1CAD-46D7-A556-503F0CF9A984}.Debug|Any CPU.ActiveCfg = Debug|Any CPU
		{023D6ADF-1CAD-46D7-A556-503F0CF9A984}.Debug|Any CPU.Build.0 = Debug|Any CPU
		{023D6ADF-1CAD-46D7-A556-503F0CF9A984}.Release|Any CPU.ActiveCfg = Release|Any CPU
		{023D6ADF-1CAD-46D7-A556-503F0CF9A984}.Release|Any CPU.Build.0 = Release|Any CPU
		{B4676500-07FE-40AE-8A02-2478CB70D7CA}.Debug|Any CPU.ActiveCfg = Debug|Any CPU
		{B4676500-07FE-40AE-8A02-2478CB70D7CA}.Debug|Any CPU.Build.0 = Debug|Any CPU
		{B4676500-07FE-40AE-8A02-2478CB70D7CA}.Release|Any CPU.ActiveCfg = Release|Any CPU
		{B4676500-07FE-40AE-8A02-2478CB70D7CA}.Release|Any CPU.Build.0 = Release|Any CPU
		{F3BFA355-54B1-493C-8BF0-14C6B535E8E2}.Debug|Any CPU.ActiveCfg = Debug|Any CPU
		{F3BFA355-54B1-493C-8BF0-14C6B535E8E2}.Debug|Any CPU.Build.0 = Debug|Any CPU
		{F3BFA355-54B1-493C-8BF0-14C6B535E8E2}.Release|Any CPU.ActiveCfg = Release|Any CPU
		{F3BFA355-54B1-493C-8BF0-14C6B535E8E2}.Release|Any CPU.Build.0 = Release|Any CPU
		{B3ADAA61-F416-4AE4-A7ED-3748F58B9794}.Debug|Any CPU.ActiveCfg = Debug|Any CPU
		{B3ADAA61-F416-4AE4-A7ED-3748F58B9794}.Debug|Any CPU.Build.0 = Debug|Any CPU
		{B3ADAA61-F416-4AE4-A7ED-3748F58B9794}.Release|Any CPU.ActiveCfg = Release|Any CPU
		{B3ADAA61-F416-4AE4-A7ED-3748F58B9794}.Release|Any CPU.Build.0 = Release|Any CPU
		{7D63A9E5-EAC0-43C5-AD51-F68C3165085D}.Debug|Any CPU.ActiveCfg = Debug|Any CPU
		{7D63A9E5-EAC0-43C5-AD51-F68C3165085D}.Debug|Any CPU.Build.0 = Debug|Any CPU
		{7D63A9E5-EAC0-43C5-AD51-F68C3165085D}.Release|Any CPU.ActiveCfg = Release|Any CPU
		{7D63A9E5-EAC0-43C5-AD51-F68C3165085D}.Release|Any CPU.Build.0 = Release|Any CPU
		{2E1869F2-1E18-401B-AF83-5EDD4A4DFF2E}.Debug|Any CPU.ActiveCfg = Debug|Any CPU
		{2E1869F2-1E18-401B-AF83-5EDD4A4DFF2E}.Debug|Any CPU.Build.0 = Debug|Any CPU
		{2E1869F2-1E18-401B-AF83-5EDD4A4DFF2E}.Release|Any CPU.ActiveCfg = Release|Any CPU
		{2E1869F2-1E18-401B-AF83-5EDD4A4DFF2E}.Release|Any CPU.Build.0 = Release|Any CPU
		{0AFDC44A-E779-407B-9A38-D4A376B2504C}.Debug|Any CPU.ActiveCfg = Debug|Any CPU
		{0AFDC44A-E779-407B-9A38-D4A376B2504C}.Debug|Any CPU.Build.0 = Debug|Any CPU
		{0AFDC44A-E779-407B-9A38-D4A376B2504C}.Release|Any CPU.ActiveCfg = Release|Any CPU
		{0AFDC44A-E779-407B-9A38-D4A376B2504C}.Release|Any CPU.Build.0 = Release|Any CPU
		{A7BE4071-8AE3-4462-BB8E-79B3739A4592}.Debug|Any CPU.ActiveCfg = Debug|Any CPU
		{A7BE4071-8AE3-4462-BB8E-79B3739A4592}.Debug|Any CPU.Build.0 = Debug|Any CPU
		{A7BE4071-8AE3-4462-BB8E-79B3739A4592}.Release|Any CPU.ActiveCfg = Release|Any CPU
		{A7BE4071-8AE3-4462-BB8E-79B3739A4592}.Release|Any CPU.Build.0 = Release|Any CPU
		{CD19C45E-89A0-47CC-A884-6BD72ABB922B}.Debug|Any CPU.ActiveCfg = Debug|Any CPU
		{CD19C45E-89A0-47CC-A884-6BD72ABB922B}.Debug|Any CPU.Build.0 = Debug|Any CPU
		{CD19C45E-89A0-47CC-A884-6BD72ABB922B}.Release|Any CPU.ActiveCfg = Release|Any CPU
		{CD19C45E-89A0-47CC-A884-6BD72ABB922B}.Release|Any CPU.Build.0 = Release|Any CPU
		{6E166114-33A9-449A-8CFD-800929BAD6B5}.Debug|Any CPU.ActiveCfg = Debug|Any CPU
		{6E166114-33A9-449A-8CFD-800929BAD6B5}.Debug|Any CPU.Build.0 = Debug|Any CPU
		{6E166114-33A9-449A-8CFD-800929BAD6B5}.Release|Any CPU.ActiveCfg = Release|Any CPU
		{6E166114-33A9-449A-8CFD-800929BAD6B5}.Release|Any CPU.Build.0 = Release|Any CPU
		{8B047272-3F56-4A24-B6BF-96E92F1FDE4B}.Debug|Any CPU.ActiveCfg = Debug|Any CPU
		{8B047272-3F56-4A24-B6BF-96E92F1FDE4B}.Debug|Any CPU.Build.0 = Debug|Any CPU
		{8B047272-3F56-4A24-B6BF-96E92F1FDE4B}.Release|Any CPU.ActiveCfg = Release|Any CPU
		{8B047272-3F56-4A24-B6BF-96E92F1FDE4B}.Release|Any CPU.Build.0 = Release|Any CPU
		{C75BBB5A-6169-4D1D-8E26-70E3528D319E}.Debug|Any CPU.ActiveCfg = Debug|Any CPU
		{C75BBB5A-6169-4D1D-8E26-70E3528D319E}.Debug|Any CPU.Build.0 = Debug|Any CPU
		{C75BBB5A-6169-4D1D-8E26-70E3528D319E}.Release|Any CPU.ActiveCfg = Release|Any CPU
		{C75BBB5A-6169-4D1D-8E26-70E3528D319E}.Release|Any CPU.Build.0 = Release|Any CPU
		{14D785C6-051E-4810-954E-AD6D27D680EA}.Debug|Any CPU.ActiveCfg = Debug|Any CPU
		{14D785C6-051E-4810-954E-AD6D27D680EA}.Debug|Any CPU.Build.0 = Debug|Any CPU
		{14D785C6-051E-4810-954E-AD6D27D680EA}.Release|Any CPU.ActiveCfg = Release|Any CPU
		{14D785C6-051E-4810-954E-AD6D27D680EA}.Release|Any CPU.Build.0 = Release|Any CPU
	EndGlobalSection
	GlobalSection(SolutionProperties) = preSolution
		HideSolutionNode = FALSE
	EndGlobalSection
	GlobalSection(ExtensibilityGlobals) = postSolution
		SolutionGuid = {600E4D3A-F2B3-4A37-9A65-A51D87C3EDAE}
	EndGlobalSection
EndGlobal
