
Microsoft Visual Studio Solution File, Format Version 12.00
# Visual Studio 2012
Project("{9A19103F-16F7-4668-BE54-9A1E7A4F7556}") = "Calcul", "Calcul\Calcul.csproj", "{98E2AB04-4A41-4844-8712-D80AA101582F}"
EndProject
Global
	GlobalSection(SolutionConfigurationPlatforms) = preSolution
		Debug|Any CPU = Debug|Any CPU
		Release|Any CPU = Release|Any CPU
	EndGlobalSection
	GlobalSection(ProjectConfigurationPlatforms) = postSolution
		{98E2AB04-4A41-4844-8712-D80AA101582F}.Debug|Any CPU.ActiveCfg = Debug|Any CPU
		{98E2AB04-4A41-4844-8712-D80AA101582F}.Debug|Any CPU.Build.0 = Debug|Any CPU
		{98E2AB04-4A41-4844-8712-D80AA101582F}.Release|Any CPU.ActiveCfg = Release|Any CPU
		{98E2AB04-4A41-4844-8712-D80AA101582F}.Release|Any CPU.Build.0 = Release|Any CPU
	EndGlobalSection
	GlobalSection(SolutionProperties) = preSolution
		HideSolutionNode = FALSE
	EndGlobalSection
EndGlobal
