
Microsoft Visual Studio Solution File, Format Version 12.00
# Visual Studio Version 17
VisualStudioVersion = 17.7.34221.43
MinimumVisualStudioVersion = 10.0.40219.1
Project("{FAE04EC0-301F-11D3-BF4B-00C04F79EFBC}") = "Synthese", "Synthese\Synthese.csproj", "{6FDD0F14-69B7-4AFC-B019-15AF9D4F89CB}"
EndProject
Global
	GlobalSection(SolutionConfigurationPlatforms) = preSolution
		Debug|Any CPU = Debug|Any CPU
		Release|Any CPU = Release|Any CPU
	EndGlobalSection
	GlobalSection(ProjectConfigurationPlatforms) = postSolution
		{6FDD0F14-69B7-4AFC-B019-15AF9D4F89CB}.Debug|Any CPU.ActiveCfg = Debug|Any CPU
		{6FDD0F14-69B7-4AFC-B019-15AF9D4F89CB}.Debug|Any CPU.Build.0 = Debug|Any CPU
		{6FDD0F14-69B7-4AFC-B019-15AF9D4F89CB}.Release|Any CPU.ActiveCfg = Release|Any CPU
		{6FDD0F14-69B7-4AFC-B019-15AF9D4F89CB}.Release|Any CPU.Build.0 = Release|Any CPU
	EndGlobalSection
	GlobalSection(SolutionProperties) = preSolution
		HideSolutionNode = FALSE
	EndGlobalSection
	GlobalSection(ExtensibilityGlobals) = postSolution
		SolutionGuid = {DC01035C-58AF-4F4B-823E-3319B12A55D9}
	EndGlobalSection
EndGlobal
