
Microsoft Visual Studio Solution File, Format Version 12.00
# Visual Studio 15
VisualStudioVersion = 15.0.27703.2026
MinimumVisualStudioVersion = 10.0.40219.1
Project("{FAE04EC0-301F-11D3-BF4B-00C04F79EFBC}") = "FR_1913_BoxOffice", "FR_1913_BoxOffice\FR_1913_BoxOffice.csproj", "{D2663498-405B-4FE5-98FA-7650F61C7FBE}"
EndProject
Global
	GlobalSection(SolutionConfigurationPlatforms) = preSolution
		Debug|Any CPU = Debug|Any CPU
		Release|Any CPU = Release|Any CPU
	EndGlobalSection
	GlobalSection(ProjectConfigurationPlatforms) = postSolution
		{D2663498-405B-4FE5-98FA-7650F61C7FBE}.Debug|Any CPU.ActiveCfg = Debug|Any CPU
		{D2663498-405B-4FE5-98FA-7650F61C7FBE}.Debug|Any CPU.Build.0 = Debug|Any CPU
		{D2663498-405B-4FE5-98FA-7650F61C7FBE}.Release|Any CPU.ActiveCfg = Release|Any CPU
		{D2663498-405B-4FE5-98FA-7650F61C7FBE}.Release|Any CPU.Build.0 = Release|Any CPU
	EndGlobalSection
	GlobalSection(SolutionProperties) = preSolution
		HideSolutionNode = FALSE
	EndGlobalSection
	GlobalSection(ExtensibilityGlobals) = postSolution
		SolutionGuid = {9EB343CB-151F-4574-925B-C3F14D41DBF1}
	EndGlobalSection
EndGlobal
