
Microsoft Visual Studio Solution File, Format Version 12.00
# Visual Studio Version 17
VisualStudioVersion = 17.11.35222.181
MinimumVisualStudioVersion = 10.0.40219.1
Project("{FAE04EC0-301F-11D3-BF4B-00C04F79EFBC}") = "Demo.References", "Demo.References\Demo.References.csproj", "{09C0239C-C5DE-493C-B327-CCA9CD23A46B}"
EndProject
Project("{FAE04EC0-301F-11D3-BF4B-00C04F79EFBC}") = "Demo.ReferenceTableau", "Demo.ReferenceTableau\Demo.ReferenceTableau.csproj", "{691AFEC3-DD3A-4930-B917-27925CEBC834}"
EndProject
Project("{FAE04EC0-301F-11D3-BF4B-00C04F79EFBC}") = "Demo.ReferenceObjet", "Demo.ReferenceObjet\Demo.ReferenceObjet.csproj", "{1334A203-8EA8-4E22-BC22-770B6E1DE1D2}"
EndProject
Global
	GlobalSection(SolutionConfigurationPlatforms) = preSolution
		Debug|Any CPU = Debug|Any CPU
		Release|Any CPU = Release|Any CPU
	EndGlobalSection
	GlobalSection(ProjectConfigurationPlatforms) = postSolution
		{09C0239C-C5DE-493C-B327-CCA9CD23A46B}.Debug|Any CPU.ActiveCfg = Debug|Any CPU
		{09C0239C-C5DE-493C-B327-CCA9CD23A46B}.Debug|Any CPU.Build.0 = Debug|Any CPU
		{09C0239C-C5DE-493C-B327-CCA9CD23A46B}.Release|Any CPU.ActiveCfg = Release|Any CPU
		{09C0239C-C5DE-493C-B327-CCA9CD23A46B}.Release|Any CPU.Build.0 = Release|Any CPU
		{691AFEC3-DD3A-4930-B917-27925CEBC834}.Debug|Any CPU.ActiveCfg = Debug|Any CPU
		{691AFEC3-DD3A-4930-B917-27925CEBC834}.Debug|Any CPU.Build.0 = Debug|Any CPU
		{691AFEC3-DD3A-4930-B917-27925CEBC834}.Release|Any CPU.ActiveCfg = Release|Any CPU
		{691AFEC3-DD3A-4930-B917-27925CEBC834}.Release|Any CPU.Build.0 = Release|Any CPU
		{1334A203-8EA8-4E22-BC22-770B6E1DE1D2}.Debug|Any CPU.ActiveCfg = Debug|Any CPU
		{1334A203-8EA8-4E22-BC22-770B6E1DE1D2}.Debug|Any CPU.Build.0 = Debug|Any CPU
		{1334A203-8EA8-4E22-BC22-770B6E1DE1D2}.Release|Any CPU.ActiveCfg = Release|Any CPU
		{1334A203-8EA8-4E22-BC22-770B6E1DE1D2}.Release|Any CPU.Build.0 = Release|Any CPU
	EndGlobalSection
	GlobalSection(SolutionProperties) = preSolution
		HideSolutionNode = FALSE
	EndGlobalSection
	GlobalSection(ExtensibilityGlobals) = postSolution
		SolutionGuid = {1A023373-A9CD-4258-84C9-647F35D615A4}
	EndGlobalSection
EndGlobal
